
Microsoft Visual Studio Solution File, Format Version 12.00
# Visual Studio Version 17
VisualStudioVersion = 17.1.32228.430
MinimumVisualStudioVersion = 10.0.40219.1
Project("{FAE04EC0-301F-11D3-BF4B-00C04F79EFBC}") = "ExtensionsLibrary", "ExtensionsLibrary\ExtensionsLibrary.csproj", "{E6AA25DC-EE41-4A19-A2C3-3292672B4C19}"
EndProject
Global
	GlobalSection(SolutionConfigurationPlatforms) = preSolution
		Debug|Any CPU = Debug|Any CPU
		Release|Any CPU = Release|Any CPU
	EndGlobalSection
	GlobalSection(ProjectConfigurationPlatforms) = postSolution
		{E6AA25DC-EE41-4A19-A2C3-3292672B4C19}.Debug|Any CPU.ActiveCfg = Debug|Any CPU
		{E6AA25DC-EE41-4A19-A2C3-3292672B4C19}.Debug|Any CPU.Build.0 = Debug|Any CPU
		{E6AA25DC-EE41-4A19-A2C3-3292672B4C19}.Release|Any CPU.ActiveCfg = Release|Any CPU
		{E6AA25DC-EE41-4A19-A2C3-3292672B4C19}.Release|Any CPU.Build.0 = Release|Any CPU
	EndGlobalSection
	GlobalSection(SolutionProperties) = preSolution
		HideSolutionNode = FALSE
	EndGlobalSection
	GlobalSection(ExtensibilityGlobals) = postSolution
		SolutionGuid = {9DC25861-713C-4F6D-B89E-F680AA72EF95}
	EndGlobalSection
EndGlobal
